
Microsoft Visual Studio Solution File, Format Version 12.00
# Visual Studio Version 17
VisualStudioVersion = 17.11.35303.130
MinimumVisualStudioVersion = 10.0.40219.1
Project("{9A19103F-16F7-4668-BE54-9A1E7A4F7556}") = "appz4", "appz4\appz4.csproj", "{3F6D7602-3B71-46FF-ACA4-DFFC726D4804}"
EndProject
Project("{9A19103F-16F7-4668-BE54-9A1E7A4F7556}") = "QuestRoom.DAL", "QuestRoom.DAL\QuestRoom.DAL.csproj", "{7062EBFA-5BF7-43EF-953A-BADC3AE1BDEB}"
EndProject
Project("{9A19103F-16F7-4668-BE54-9A1E7A4F7556}") = "QuestRoom.BLL", "QuestRoom.BLL\QuestRoom.BLL.csproj", "{EC0A5318-3A3B-475B-927E-17648C4A6D56}"
EndProject
Project("{9A19103F-16F7-4668-BE54-9A1E7A4F7556}") = "QuestRoom.Tests", "QuestRoom.Tests\QuestRoom.Tests.csproj", "{7647A128-7FA4-4154-A9FE-D5AD6415F73A}"
EndProject
Project("{FAE04EC0-301F-11D3-BF4B-00C04F79EFBC}") = "QuestRoom.PL", "QuestRoom.PL\QuestRoom.PL.csproj", "{A84CD998-F43C-4AC8-AB7B-CFC8ACBDFF72}"
EndProject
Global
	GlobalSection(SolutionConfigurationPlatforms) = preSolution
		Debug|Any CPU = Debug|Any CPU
		Release|Any CPU = Release|Any CPU
	EndGlobalSection
	GlobalSection(ProjectConfigurationPlatforms) = postSolution
		{3F6D7602-3B71-46FF-ACA4-DFFC726D4804}.Debug|Any CPU.ActiveCfg = Debug|Any CPU
		{3F6D7602-3B71-46FF-ACA4-DFFC726D4804}.Debug|Any CPU.Build.0 = Debug|Any CPU
		{3F6D7602-3B71-46FF-ACA4-DFFC726D4804}.Release|Any CPU.ActiveCfg = Release|Any CPU
		{3F6D7602-3B71-46FF-ACA4-DFFC726D4804}.Release|Any CPU.Build.0 = Release|Any CPU
		{7062EBFA-5BF7-43EF-953A-BADC3AE1BDEB}.Debug|Any CPU.ActiveCfg = Debug|Any CPU
		{7062EBFA-5BF7-43EF-953A-BADC3AE1BDEB}.Debug|Any CPU.Build.0 = Debug|Any CPU
		{7062EBFA-5BF7-43EF-953A-BADC3AE1BDEB}.Release|Any CPU.ActiveCfg = Release|Any CPU
		{7062EBFA-5BF7-43EF-953A-BADC3AE1BDEB}.Release|Any CPU.Build.0 = Release|Any CPU
		{EC0A5318-3A3B-475B-927E-17648C4A6D56}.Debug|Any CPU.ActiveCfg = Debug|Any CPU
		{EC0A5318-3A3B-475B-927E-17648C4A6D56}.Debug|Any CPU.Build.0 = Debug|Any CPU
		{EC0A5318-3A3B-475B-927E-17648C4A6D56}.Release|Any CPU.ActiveCfg = Release|Any CPU
		{EC0A5318-3A3B-475B-927E-17648C4A6D56}.Release|Any CPU.Build.0 = Release|Any CPU
		{7647A128-7FA4-4154-A9FE-D5AD6415F73A}.Debug|Any CPU.ActiveCfg = Debug|Any CPU
		{7647A128-7FA4-4154-A9FE-D5AD6415F73A}.Debug|Any CPU.Build.0 = Debug|Any CPU
		{7647A128-7FA4-4154-A9FE-D5AD6415F73A}.Release|Any CPU.ActiveCfg = Release|Any CPU
		{7647A128-7FA4-4154-A9FE-D5AD6415F73A}.Release|Any CPU.Build.0 = Release|Any CPU
		{A84CD998-F43C-4AC8-AB7B-CFC8ACBDFF72}.Debug|Any CPU.ActiveCfg = Debug|Any CPU
		{A84CD998-F43C-4AC8-AB7B-CFC8ACBDFF72}.Debug|Any CPU.Build.0 = Debug|Any CPU
		{A84CD998-F43C-4AC8-AB7B-CFC8ACBDFF72}.Release|Any CPU.ActiveCfg = Release|Any CPU
		{A84CD998-F43C-4AC8-AB7B-CFC8ACBDFF72}.Release|Any CPU.Build.0 = Release|Any CPU
	EndGlobalSection
	GlobalSection(SolutionProperties) = preSolution
		HideSolutionNode = FALSE
	EndGlobalSection
	GlobalSection(ExtensibilityGlobals) = postSolution
		SolutionGuid = {F4428FE5-30D8-49A7-9C0D-5CFA6AD3F520}
	EndGlobalSection
EndGlobal
